<?xml version="1.0" encoding="utf-8"?>
<Project ToolsVersion="4.0" xmlns="http://schemas.microsoft.com/developer/msbuild/2003">
  <ItemGroup>
    <Filter Include="include">
      <UniqueIdentifier>{b6b86f70-4a08-4727-8b8d-e8069c7c70bd}</UniqueIdentifier>
    </Filter>
    <Filter Include="src">
      <UniqueIdentifier>{332c275c-c481-4815-afa9-b3b1cf3e7c31}</UniqueIdentifier>
    </Filter>
  </ItemGroup>
  <ItemGroup>
    <ClCompile Include="ini.c">
      <Filter>src</Filter>
    </ClCompile>
  </ItemGroup>
  <ItemGroup>
    <ClInclude Include="ini.h">
      <Filter>include</Filter>
    </ClInclude>
    <ClInclude Include="ini.hpp">
      <Filter>include</Filter>
    </ClInclude>
  </ItemGroup>
</Project>